
Microsoft Visual Studio Solution File, Format Version 12.00
# Visual Studio Version 16
VisualStudioVersion = 16.0.31112.23
MinimumVisualStudioVersion = 10.0.40219.1
Project("{FAE04EC0-301F-11D3-BF4B-00C04F79EFBC}") = "Mubak", "Mubak\Mubak.csproj", "{F19DF57D-77B7-45CD-9D9F-F3F11F30A5F2}"
EndProject
Global
	GlobalSection(SolutionConfigurationPlatforms) = preSolution
		Debug|Any CPU = Debug|Any CPU
		Release|Any CPU = Release|Any CPU
	EndGlobalSection
	GlobalSection(ProjectConfigurationPlatforms) = postSolution
		{F19DF57D-77B7-45CD-9D9F-F3F11F30A5F2}.Debug|Any CPU.ActiveCfg = Debug|Any CPU
		{F19DF57D-77B7-45CD-9D9F-F3F11F30A5F2}.Debug|Any CPU.Build.0 = Debug|Any CPU
		{F19DF57D-77B7-45CD-9D9F-F3F11F30A5F2}.Release|Any CPU.ActiveCfg = Release|Any CPU
		{F19DF57D-77B7-45CD-9D9F-F3F11F30A5F2}.Release|Any CPU.Build.0 = Release|Any CPU
	EndGlobalSection
	GlobalSection(SolutionProperties) = preSolution
		HideSolutionNode = FALSE
	EndGlobalSection
	GlobalSection(ExtensibilityGlobals) = postSolution
		SolutionGuid = {2F7FADB3-48B5-45C3-BA30-98FBF12E65C1}
	EndGlobalSection
EndGlobal
